// !$*UTF8*$!
{
	archiveVersion = 1;
	classes = {
	};
	objectVersion = 56;
	objects = {

/* Begin PBXBuildFile section */
		C60EA1042BFE3C7B00C5E23F /* WollsApp.swift in Sources */ = {isa = PBXBuildFile; fileRef = C60EA1032BFE3C7B00C5E23F /* WollsApp.swift */; };
		C60EA1082BFE3C7D00C5E23F /* Assets.xcassets in Resources */ = {isa = PBXBuildFile; fileRef = C60EA1072BFE3C7D00C5E23F /* Assets.xcassets */; };
		C60EA10B2BFE3C7D00C5E23F /* Preview Assets.xcassets in Resources */ = {isa = PBXBuildFile; fileRef = C60EA10A2BFE3C7D00C5E23F /* Preview Assets.xcassets */; };
		C60EA1152BFE3C7D00C5E23F /* WollsTests.swift in Sources */ = {isa = PBXBuildFile; fileRef = C60EA1142BFE3C7D00C5E23F /* WollsTests.swift */; };
		C60EA11F2BFE3C7D00C5E23F /* WollsUITests.swift in Sources */ = {isa = PBXBuildFile; fileRef = C60EA11E2BFE3C7D00C5E23F /* WollsUITests.swift */; };
		C60EA1212BFE3C7D00C5E23F /* WollsUITestsLaunchTests.swift in Sources */ = {isa = PBXBuildFile; fileRef = C60EA1202BFE3C7D00C5E23F /* WollsUITestsLaunchTests.swift */; };
		C60EA12E2BFE548100C5E23F /* LoginView.swift in Sources */ = {isa = PBXBuildFile; fileRef = C60EA12D2BFE548100C5E23F /* LoginView.swift */; };
		C60EA1302BFE576D00C5E23F /* RegisterView.swift in Sources */ = {isa = PBXBuildFile; fileRef = C60EA12F2BFE576D00C5E23F /* RegisterView.swift */; };
		C60EA1332BFE5CED00C5E23F /* GroupsView.swift in Sources */ = {isa = PBXBuildFile; fileRef = C60EA1322BFE5CED00C5E23F /* GroupsView.swift */; };
		C60EA1372BFE6D7900C5E23F /* ExpensesView.swift in Sources */ = {isa = PBXBuildFile; fileRef = C60EA1362BFE6D7900C5E23F /* ExpensesView.swift */; };
		C60EA1392BFE6D9800C5E23F /* RefundsView.swift in Sources */ = {isa = PBXBuildFile; fileRef = C60EA1382BFE6D9800C5E23F /* RefundsView.swift */; };
		C60EA13B2BFE6DBE00C5E23F /* BalancesView.swift in Sources */ = {isa = PBXBuildFile; fileRef = C60EA13A2BFE6DBE00C5E23F /* BalancesView.swift */; };
		C60EA1412BFFB9F500C5E23F /* SidebarView.swift in Sources */ = {isa = PBXBuildFile; fileRef = C60EA1402BFFB9F500C5E23F /* SidebarView.swift */; };
		C60EA1442C00C75900C5E23F /* GroupModel.swift in Sources */ = {isa = PBXBuildFile; fileRef = C60EA1432C00C75900C5E23F /* GroupModel.swift */; };
		C60EA1462C00C78B00C5E23F /* UserModel.swift in Sources */ = {isa = PBXBuildFile; fileRef = C60EA1452C00C78B00C5E23F /* UserModel.swift */; };
		C60EA1482C00C7CA00C5E23F /* ExpenseModel.swift in Sources */ = {isa = PBXBuildFile; fileRef = C60EA1472C00C7CA00C5E23F /* ExpenseModel.swift */; };
		C60EA14B2C00CAE600C5E23F /* UserController.swift in Sources */ = {isa = PBXBuildFile; fileRef = C60EA14A2C00CAE600C5E23F /* UserController.swift */; };
		C60EA14E2C00CDAE00C5E23F /* GroupController.swift in Sources */ = {isa = PBXBuildFile; fileRef = C60EA14D2C00CDAE00C5E23F /* GroupController.swift */; };
		C60EA1522C00D07A00C5E23F /* CreateGroupView.swift in Sources */ = {isa = PBXBuildFile; fileRef = C60EA1512C00D07A00C5E23F /* CreateGroupView.swift */; };
		C60EA1542C00D24100C5E23F /* GroupBoxView.swift in Sources */ = {isa = PBXBuildFile; fileRef = C60EA1532C00D24100C5E23F /* GroupBoxView.swift */; };
		C60EA1572C00D2AB00C5E23F /* AvatarView.swift in Sources */ = {isa = PBXBuildFile; fileRef = C60EA1562C00D2AB00C5E23F /* AvatarView.swift */; };
		C60EA15B2C00D3BC00C5E23F /* GroupDetailsView.swift in Sources */ = {isa = PBXBuildFile; fileRef = C60EA15A2C00D3BC00C5E23F /* GroupDetailsView.swift */; };
		C60EA1612C00DBA300C5E23F /* EditEmailView.swift in Sources */ = {isa = PBXBuildFile; fileRef = C60EA1602C00DBA300C5E23F /* EditEmailView.swift */; };
		C60EA1652C00F69F00C5E23F /* EditUsernameView.swift in Sources */ = {isa = PBXBuildFile; fileRef = C60EA1642C00F69F00C5E23F /* EditUsernameView.swift */; };
		C60EA1672C00FC0B00C5E23F /* EditNameView.swift in Sources */ = {isa = PBXBuildFile; fileRef = C60EA1662C00FC0B00C5E23F /* EditNameView.swift */; };
		C60EA1692C010F6700C5E23F /* Config.swift in Sources */ = {isa = PBXBuildFile; fileRef = C60EA1682C010F6700C5E23F /* Config.swift */; };
		C60EA16B2C01141400C5E23F /* EditIbanView.swift in Sources */ = {isa = PBXBuildFile; fileRef = C60EA16A2C01141400C5E23F /* EditIbanView.swift */; };
		C60EA16D2C011AFF00C5E23F /* EditPasswordView.swift in Sources */ = {isa = PBXBuildFile; fileRef = C60EA16C2C011AFF00C5E23F /* EditPasswordView.swift */; };
		C60EA16F2C011D9400C5E23F /* ExpenseController.swift in Sources */ = {isa = PBXBuildFile; fileRef = C60EA16E2C011D9400C5E23F /* ExpenseController.swift */; };
		C60EA1712C011EB600C5E23F /* AddExpenseView.swift in Sources */ = {isa = PBXBuildFile; fileRef = C60EA1702C011EB600C5E23F /* AddExpenseView.swift */; };
		C60EA1732C0162A000C5E23F /* InvitationsView.swift in Sources */ = {isa = PBXBuildFile; fileRef = C60EA1722C0162A000C5E23F /* InvitationsView.swift */; };
		C60EA1752C02216E00C5E23F /* GroupMembershipController.swift in Sources */ = {isa = PBXBuildFile; fileRef = C60EA1742C02216E00C5E23F /* GroupMembershipController.swift */; };
		C60EA1772C02A6C200C5E23F /* EditGroupView.swift in Sources */ = {isa = PBXBuildFile; fileRef = C60EA1762C02A6C200C5E23F /* EditGroupView.swift */; };
		C60EA17F2C0361A500C5E23F /* EditExpenseView.swift in Sources */ = {isa = PBXBuildFile; fileRef = C60EA17E2C0361A500C5E23F /* EditExpenseView.swift */; };
		C60EA1812C047D8E00C5E23F /* RefundController.swift in Sources */ = {isa = PBXBuildFile; fileRef = C60EA1802C047D8E00C5E23F /* RefundController.swift */; };
		C60EA1832C047DA200C5E23F /* RefundModel.swift in Sources */ = {isa = PBXBuildFile; fileRef = C60EA1822C047DA200C5E23F /* RefundModel.swift */; };
		C60EA1852C051A3500C5E23F /* BalanceController.swift in Sources */ = {isa = PBXBuildFile; fileRef = C60EA1842C051A3500C5E23F /* BalanceController.swift */; };
		C60EA1872C051ADC00C5E23F /* BalanceModel.swift in Sources */ = {isa = PBXBuildFile; fileRef = C60EA1862C051ADC00C5E23F /* BalanceModel.swift */; };
		C689A8D32C0E142D00879FDA /* GroupMembersView.swift in Sources */ = {isa = PBXBuildFile; fileRef = C689A8D22C0E142D00879FDA /* GroupMembersView.swift */; };
		C68D4A772C1990E900F242F5 /* UserDetailView.swift in Sources */ = {isa = PBXBuildFile; fileRef = C68D4A762C1990E900F242F5 /* UserDetailView.swift */; };
		C68D4A792C199D9800F242F5 /* AvatarViewProfile.swift in Sources */ = {isa = PBXBuildFile; fileRef = C68D4A782C199D9800F242F5 /* AvatarViewProfile.swift */; };
		C68D4A862C24632C00F242F5 /* Localizable.strings in Resources */ = {isa = PBXBuildFile; fileRef = C68D4A842C24632C00F242F5 /* Localizable.strings */; };
/* End PBXBuildFile section */

/* Begin PBXContainerItemProxy section */
		C60EA1112BFE3C7D00C5E23F /* PBXContainerItemProxy */ = {
			isa = PBXContainerItemProxy;
			containerPortal = C60EA0F82BFE3C7B00C5E23F /* Project object */;
			proxyType = 1;
			remoteGlobalIDString = C60EA0FF2BFE3C7B00C5E23F;
			remoteInfo = goodfriends;
		};
		C60EA11B2BFE3C7D00C5E23F /* PBXContainerItemProxy */ = {
			isa = PBXContainerItemProxy;
			containerPortal = C60EA0F82BFE3C7B00C5E23F /* Project object */;
			proxyType = 1;
			remoteGlobalIDString = C60EA0FF2BFE3C7B00C5E23F;
			remoteInfo = goodfriends;
		};
/* End PBXContainerItemProxy section */

/* Begin PBXFileReference section */
		C60EA1002BFE3C7B00C5E23F /* Wolls.app */ = {isa = PBXFileReference; explicitFileType = wrapper.application; includeInIndex = 0; path = Wolls.app; sourceTree = BUILT_PRODUCTS_DIR; };
		C60EA1032BFE3C7B00C5E23F /* WollsApp.swift */ = {isa = PBXFileReference; lastKnownFileType = sourcecode.swift; path = WollsApp.swift; sourceTree = "<group>"; };
		C60EA1072BFE3C7D00C5E23F /* Assets.xcassets */ = {isa = PBXFileReference; lastKnownFileType = folder.assetcatalog; path = Assets.xcassets; sourceTree = "<group>"; };
		C60EA10A2BFE3C7D00C5E23F /* Preview Assets.xcassets */ = {isa = PBXFileReference; lastKnownFileType = folder.assetcatalog; path = "Preview Assets.xcassets"; sourceTree = "<group>"; };
		C60EA1102BFE3C7D00C5E23F /* WollsTests.xctest */ = {isa = PBXFileReference; explicitFileType = wrapper.cfbundle; includeInIndex = 0; path = WollsTests.xctest; sourceTree = BUILT_PRODUCTS_DIR; };
		C60EA1142BFE3C7D00C5E23F /* WollsTests.swift */ = {isa = PBXFileReference; lastKnownFileType = sourcecode.swift; path = WollsTests.swift; sourceTree = "<group>"; };
		C60EA11A2BFE3C7D00C5E23F /* WollsUITests.xctest */ = {isa = PBXFileReference; explicitFileType = wrapper.cfbundle; includeInIndex = 0; path = WollsUITests.xctest; sourceTree = BUILT_PRODUCTS_DIR; };
		C60EA11E2BFE3C7D00C5E23F /* WollsUITests.swift */ = {isa = PBXFileReference; lastKnownFileType = sourcecode.swift; path = WollsUITests.swift; sourceTree = "<group>"; };
		C60EA1202BFE3C7D00C5E23F /* WollsUITestsLaunchTests.swift */ = {isa = PBXFileReference; lastKnownFileType = sourcecode.swift; path = WollsUITestsLaunchTests.swift; sourceTree = "<group>"; };
		C60EA12D2BFE548100C5E23F /* LoginView.swift */ = {isa = PBXFileReference; lastKnownFileType = sourcecode.swift; path = LoginView.swift; sourceTree = "<group>"; };
		C60EA12F2BFE576D00C5E23F /* RegisterView.swift */ = {isa = PBXFileReference; lastKnownFileType = sourcecode.swift; path = RegisterView.swift; sourceTree = "<group>"; };
		C60EA1322BFE5CED00C5E23F /* GroupsView.swift */ = {isa = PBXFileReference; lastKnownFileType = sourcecode.swift; path = GroupsView.swift; sourceTree = "<group>"; };
		C60EA1362BFE6D7900C5E23F /* ExpensesView.swift */ = {isa = PBXFileReference; lastKnownFileType = sourcecode.swift; path = ExpensesView.swift; sourceTree = "<group>"; };
		C60EA1382BFE6D9800C5E23F /* RefundsView.swift */ = {isa = PBXFileReference; lastKnownFileType = sourcecode.swift; path = RefundsView.swift; sourceTree = "<group>"; };
		C60EA13A2BFE6DBE00C5E23F /* BalancesView.swift */ = {isa = PBXFileReference; lastKnownFileType = sourcecode.swift; path = BalancesView.swift; sourceTree = "<group>"; };
		C60EA1402BFFB9F500C5E23F /* SidebarView.swift */ = {isa = PBXFileReference; lastKnownFileType = sourcecode.swift; path = SidebarView.swift; sourceTree = "<group>"; };
		C60EA1432C00C75900C5E23F /* GroupModel.swift */ = {isa = PBXFileReference; lastKnownFileType = sourcecode.swift; path = GroupModel.swift; sourceTree = "<group>"; };
		C60EA1452C00C78B00C5E23F /* UserModel.swift */ = {isa = PBXFileReference; lastKnownFileType = sourcecode.swift; path = UserModel.swift; sourceTree = "<group>"; };
		C60EA1472C00C7CA00C5E23F /* ExpenseModel.swift */ = {isa = PBXFileReference; lastKnownFileType = sourcecode.swift; path = ExpenseModel.swift; sourceTree = "<group>"; };
		C60EA14A2C00CAE600C5E23F /* UserController.swift */ = {isa = PBXFileReference; lastKnownFileType = sourcecode.swift; path = UserController.swift; sourceTree = "<group>"; };
		C60EA14D2C00CDAE00C5E23F /* GroupController.swift */ = {isa = PBXFileReference; lastKnownFileType = sourcecode.swift; path = GroupController.swift; sourceTree = "<group>"; };
		C60EA1512C00D07A00C5E23F /* CreateGroupView.swift */ = {isa = PBXFileReference; lastKnownFileType = sourcecode.swift; path = CreateGroupView.swift; sourceTree = "<group>"; };
		C60EA1532C00D24100C5E23F /* GroupBoxView.swift */ = {isa = PBXFileReference; lastKnownFileType = sourcecode.swift; path = GroupBoxView.swift; sourceTree = "<group>"; };
		C60EA1562C00D2AB00C5E23F /* AvatarView.swift */ = {isa = PBXFileReference; lastKnownFileType = sourcecode.swift; path = AvatarView.swift; sourceTree = "<group>"; };
		C60EA15A2C00D3BC00C5E23F /* GroupDetailsView.swift */ = {isa = PBXFileReference; lastKnownFileType = sourcecode.swift; path = GroupDetailsView.swift; sourceTree = "<group>"; };
		C60EA1602C00DBA300C5E23F /* EditEmailView.swift */ = {isa = PBXFileReference; lastKnownFileType = sourcecode.swift; path = EditEmailView.swift; sourceTree = "<group>"; };
		C60EA1642C00F69F00C5E23F /* EditUsernameView.swift */ = {isa = PBXFileReference; lastKnownFileType = sourcecode.swift; path = EditUsernameView.swift; sourceTree = "<group>"; };
		C60EA1662C00FC0B00C5E23F /* EditNameView.swift */ = {isa = PBXFileReference; lastKnownFileType = sourcecode.swift; path = EditNameView.swift; sourceTree = "<group>"; };
		C60EA1682C010F6700C5E23F /* Config.swift */ = {isa = PBXFileReference; lastKnownFileType = sourcecode.swift; path = Config.swift; sourceTree = "<group>"; };
		C60EA16A2C01141400C5E23F /* EditIbanView.swift */ = {isa = PBXFileReference; lastKnownFileType = sourcecode.swift; path = EditIbanView.swift; sourceTree = "<group>"; };
		C60EA16C2C011AFF00C5E23F /* EditPasswordView.swift */ = {isa = PBXFileReference; lastKnownFileType = sourcecode.swift; path = EditPasswordView.swift; sourceTree = "<group>"; };
		C60EA16E2C011D9400C5E23F /* ExpenseController.swift */ = {isa = PBXFileReference; lastKnownFileType = sourcecode.swift; path = ExpenseController.swift; sourceTree = "<group>"; };
		C60EA1702C011EB600C5E23F /* AddExpenseView.swift */ = {isa = PBXFileReference; lastKnownFileType = sourcecode.swift; path = AddExpenseView.swift; sourceTree = "<group>"; };
		C60EA1722C0162A000C5E23F /* InvitationsView.swift */ = {isa = PBXFileReference; lastKnownFileType = sourcecode.swift; path = InvitationsView.swift; sourceTree = "<group>"; };
		C60EA1742C02216E00C5E23F /* GroupMembershipController.swift */ = {isa = PBXFileReference; lastKnownFileType = sourcecode.swift; path = GroupMembershipController.swift; sourceTree = "<group>"; };
		C60EA1762C02A6C200C5E23F /* EditGroupView.swift */ = {isa = PBXFileReference; lastKnownFileType = sourcecode.swift; path = EditGroupView.swift; sourceTree = "<group>"; };
		C60EA17E2C0361A500C5E23F /* EditExpenseView.swift */ = {isa = PBXFileReference; lastKnownFileType = sourcecode.swift; path = EditExpenseView.swift; sourceTree = "<group>"; };
		C60EA1802C047D8E00C5E23F /* RefundController.swift */ = {isa = PBXFileReference; lastKnownFileType = sourcecode.swift; path = RefundController.swift; sourceTree = "<group>"; };
		C60EA1822C047DA200C5E23F /* RefundModel.swift */ = {isa = PBXFileReference; lastKnownFileType = sourcecode.swift; path = RefundModel.swift; sourceTree = "<group>"; };
		C60EA1842C051A3500C5E23F /* BalanceController.swift */ = {isa = PBXFileReference; lastKnownFileType = sourcecode.swift; path = BalanceController.swift; sourceTree = "<group>"; };
		C60EA1862C051ADC00C5E23F /* BalanceModel.swift */ = {isa = PBXFileReference; lastKnownFileType = sourcecode.swift; path = BalanceModel.swift; sourceTree = "<group>"; };
		C689A8D22C0E142D00879FDA /* GroupMembersView.swift */ = {isa = PBXFileReference; lastKnownFileType = sourcecode.swift; path = GroupMembersView.swift; sourceTree = "<group>"; };
		C68D4A762C1990E900F242F5 /* UserDetailView.swift */ = {isa = PBXFileReference; lastKnownFileType = sourcecode.swift; path = UserDetailView.swift; sourceTree = "<group>"; };
		C68D4A782C199D9800F242F5 /* AvatarViewProfile.swift */ = {isa = PBXFileReference; lastKnownFileType = sourcecode.swift; path = AvatarViewProfile.swift; sourceTree = "<group>"; };
		C68D4A8B2C2463AB00F242F5 /* fr */ = {isa = PBXFileReference; lastKnownFileType = text.plist.strings; name = fr; path = fr.lproj/Localizable.strings; sourceTree = "<group>"; };
		C68D4A8C2C2463CF00F242F5 /* en */ = {isa = PBXFileReference; lastKnownFileType = text.plist.strings; name = en; path = en.lproj/Localizable.strings; sourceTree = "<group>"; };
/* End PBXFileReference section */

/* Begin PBXFrameworksBuildPhase section */
		C60EA0FD2BFE3C7B00C5E23F /* Frameworks */ = {
			isa = PBXFrameworksBuildPhase;
			buildActionMask = 2147483647;
			files = (
			);
			runOnlyForDeploymentPostprocessing = 0;
		};
		C60EA10D2BFE3C7D00C5E23F /* Frameworks */ = {
			isa = PBXFrameworksBuildPhase;
			buildActionMask = 2147483647;
			files = (
			);
			runOnlyForDeploymentPostprocessing = 0;
		};
		C60EA1172BFE3C7D00C5E23F /* Frameworks */ = {
			isa = PBXFrameworksBuildPhase;
			buildActionMask = 2147483647;
			files = (
			);
			runOnlyForDeploymentPostprocessing = 0;
		};
/* End PBXFrameworksBuildPhase section */

/* Begin PBXGroup section */
		C60EA0F72BFE3C7B00C5E23F = {
			isa = PBXGroup;
			children = (
				C60EA1022BFE3C7B00C5E23F /* Wolls */,
				C60EA1132BFE3C7D00C5E23F /* WollsTests */,
				C60EA11D2BFE3C7D00C5E23F /* WollsUITests */,
				C60EA1012BFE3C7B00C5E23F /* Products */,
			);
			sourceTree = "<group>";
		};
		C60EA1012BFE3C7B00C5E23F /* Products */ = {
			isa = PBXGroup;
			children = (
				C60EA1002BFE3C7B00C5E23F /* Wolls.app */,
				C60EA1102BFE3C7D00C5E23F /* WollsTests.xctest */,
				C60EA11A2BFE3C7D00C5E23F /* WollsUITests.xctest */,
			);
			name = Products;
			sourceTree = "<group>";
		};
		C60EA1022BFE3C7B00C5E23F /* Wolls */ = {
			isa = PBXGroup;
			children = (
				C68D4A7A2C245DD200F242F5 /* Locales */,
				C60EA14C2C00CC3000C5E23F /* Views */,
				C60EA1492C00CACF00C5E23F /* Controllers */,
				C60EA1422C00C73800C5E23F /* Models */,
				C60EA1032BFE3C7B00C5E23F /* WollsApp.swift */,
				C60EA1072BFE3C7D00C5E23F /* Assets.xcassets */,
				C60EA1092BFE3C7D00C5E23F /* Preview Content */,
				C60EA1682C010F6700C5E23F /* Config.swift */,
			);
			path = Wolls;
			sourceTree = "<group>";
		};
		C60EA1092BFE3C7D00C5E23F /* Preview Content */ = {
			isa = PBXGroup;
			children = (
				C60EA10A2BFE3C7D00C5E23F /* Preview Assets.xcassets */,
			);
			path = "Preview Content";
			sourceTree = "<group>";
		};
		C60EA1132BFE3C7D00C5E23F /* WollsTests */ = {
			isa = PBXGroup;
			children = (
				C60EA1142BFE3C7D00C5E23F /* WollsTests.swift */,
			);
			path = WollsTests;
			sourceTree = "<group>";
		};
		C60EA11D2BFE3C7D00C5E23F /* WollsUITests */ = {
			isa = PBXGroup;
			children = (
				C60EA11E2BFE3C7D00C5E23F /* WollsUITests.swift */,
				C60EA1202BFE3C7D00C5E23F /* WollsUITestsLaunchTests.swift */,
			);
			path = WollsUITests;
			sourceTree = "<group>";
		};
		C60EA1422C00C73800C5E23F /* Models */ = {
			isa = PBXGroup;
			children = (
				C60EA1432C00C75900C5E23F /* GroupModel.swift */,
				C60EA1452C00C78B00C5E23F /* UserModel.swift */,
				C60EA1472C00C7CA00C5E23F /* ExpenseModel.swift */,
				C60EA1822C047DA200C5E23F /* RefundModel.swift */,
				C60EA1862C051ADC00C5E23F /* BalanceModel.swift */,
			);
			path = Models;
			sourceTree = "<group>";
		};
		C60EA1492C00CACF00C5E23F /* Controllers */ = {
			isa = PBXGroup;
			children = (
				C60EA14A2C00CAE600C5E23F /* UserController.swift */,
				C60EA14D2C00CDAE00C5E23F /* GroupController.swift */,
				C60EA16E2C011D9400C5E23F /* ExpenseController.swift */,
				C60EA1742C02216E00C5E23F /* GroupMembershipController.swift */,
				C60EA1802C047D8E00C5E23F /* RefundController.swift */,
				C60EA1842C051A3500C5E23F /* BalanceController.swift */,
			);
			path = Controllers;
			sourceTree = "<group>";
		};
		C60EA14C2C00CC3000C5E23F /* Views */ = {
			isa = PBXGroup;
			children = (
				C60EA15E2C00D46E00C5E23F /* BalanceViews */,
				C60EA15D2C00D45B00C5E23F /* RefundViews */,
				C60EA15C2C00D44900C5E23F /* ExpenseViews */,
				C60EA1552C00D28200C5E23F /* SidebarViews */,
				C60EA1502C00CF0400C5E23F /* GroupViews */,
				C60EA14F2C00CEA200C5E23F /* UserViews */,
			);
			path = Views;
			sourceTree = "<group>";
		};
		C60EA14F2C00CEA200C5E23F /* UserViews */ = {
			isa = PBXGroup;
			children = (
				C60EA1602C00DBA300C5E23F /* EditEmailView.swift */,
				C60EA1642C00F69F00C5E23F /* EditUsernameView.swift */,
				C60EA1662C00FC0B00C5E23F /* EditNameView.swift */,
				C60EA16A2C01141400C5E23F /* EditIbanView.swift */,
				C60EA16C2C011AFF00C5E23F /* EditPasswordView.swift */,
				C60EA12F2BFE576D00C5E23F /* RegisterView.swift */,
				C60EA12D2BFE548100C5E23F /* LoginView.swift */,
				C68D4A762C1990E900F242F5 /* UserDetailView.swift */,
				C68D4A782C199D9800F242F5 /* AvatarViewProfile.swift */,
			);
			path = UserViews;
			sourceTree = "<group>";
		};
		C60EA1502C00CF0400C5E23F /* GroupViews */ = {
			isa = PBXGroup;
			children = (
				C60EA1322BFE5CED00C5E23F /* GroupsView.swift */,
				C60EA1512C00D07A00C5E23F /* CreateGroupView.swift */,
				C60EA1532C00D24100C5E23F /* GroupBoxView.swift */,
				C60EA15A2C00D3BC00C5E23F /* GroupDetailsView.swift */,
				C60EA1722C0162A000C5E23F /* InvitationsView.swift */,
				C60EA1762C02A6C200C5E23F /* EditGroupView.swift */,
				C689A8D22C0E142D00879FDA /* GroupMembersView.swift */,
			);
			path = GroupViews;
			sourceTree = "<group>";
		};
		C60EA1552C00D28200C5E23F /* SidebarViews */ = {
			isa = PBXGroup;
			children = (
				C60EA1402BFFB9F500C5E23F /* SidebarView.swift */,
				C60EA1562C00D2AB00C5E23F /* AvatarView.swift */,
			);
			path = SidebarViews;
			sourceTree = "<group>";
		};
		C60EA15C2C00D44900C5E23F /* ExpenseViews */ = {
			isa = PBXGroup;
			children = (
				C60EA1362BFE6D7900C5E23F /* ExpensesView.swift */,
				C60EA1702C011EB600C5E23F /* AddExpenseView.swift */,
				C60EA17E2C0361A500C5E23F /* EditExpenseView.swift */,
			);
			path = ExpenseViews;
			sourceTree = "<group>";
		};
		C60EA15D2C00D45B00C5E23F /* RefundViews */ = {
			isa = PBXGroup;
			children = (
				C60EA1382BFE6D9800C5E23F /* RefundsView.swift */,
			);
			path = RefundViews;
			sourceTree = "<group>";
		};
		C60EA15E2C00D46E00C5E23F /* BalanceViews */ = {
			isa = PBXGroup;
			children = (
				C60EA13A2BFE6DBE00C5E23F /* BalancesView.swift */,
			);
			path = BalanceViews;
			sourceTree = "<group>";
		};
		C68D4A7A2C245DD200F242F5 /* Locales */ = {
			isa = PBXGroup;
			children = (
				C68D4A842C24632C00F242F5 /* Localizable.strings */,
			);
			path = Locales;
			sourceTree = "<group>";
		};
/* End PBXGroup section */

/* Begin PBXNativeTarget section */
		C60EA0FF2BFE3C7B00C5E23F /* Wolls */ = {
			isa = PBXNativeTarget;
			buildConfigurationList = C60EA1242BFE3C7D00C5E23F /* Build configuration list for PBXNativeTarget "Wolls" */;
			buildPhases = (
				C60EA0FC2BFE3C7B00C5E23F /* Sources */,
				C60EA0FD2BFE3C7B00C5E23F /* Frameworks */,
				C60EA0FE2BFE3C7B00C5E23F /* Resources */,
			);
			buildRules = (
			);
			dependencies = (
			);
			name = Wolls;
			productName = goodfriends;
			productReference = C60EA1002BFE3C7B00C5E23F /* Wolls.app */;
			productType = "com.apple.product-type.application";
		};
		C60EA10F2BFE3C7D00C5E23F /* WollsTests */ = {
			isa = PBXNativeTarget;
			buildConfigurationList = C60EA1272BFE3C7D00C5E23F /* Build configuration list for PBXNativeTarget "WollsTests" */;
			buildPhases = (
				C60EA10C2BFE3C7D00C5E23F /* Sources */,
				C60EA10D2BFE3C7D00C5E23F /* Frameworks */,
				C60EA10E2BFE3C7D00C5E23F /* Resources */,
			);
			buildRules = (
			);
			dependencies = (
				C60EA1122BFE3C7D00C5E23F /* PBXTargetDependency */,
			);
			name = WollsTests;
			productName = goodfriendsTests;
			productReference = C60EA1102BFE3C7D00C5E23F /* WollsTests.xctest */;
			productType = "com.apple.product-type.bundle.unit-test";
		};
		C60EA1192BFE3C7D00C5E23F /* WollsUITests */ = {
			isa = PBXNativeTarget;
			buildConfigurationList = C60EA12A2BFE3C7D00C5E23F /* Build configuration list for PBXNativeTarget "WollsUITests" */;
			buildPhases = (
				C60EA1162BFE3C7D00C5E23F /* Sources */,
				C60EA1172BFE3C7D00C5E23F /* Frameworks */,
				C60EA1182BFE3C7D00C5E23F /* Resources */,
			);
			buildRules = (
			);
			dependencies = (
				C60EA11C2BFE3C7D00C5E23F /* PBXTargetDependency */,
			);
			name = WollsUITests;
			productName = goodfriendsUITests;
			productReference = C60EA11A2BFE3C7D00C5E23F /* WollsUITests.xctest */;
			productType = "com.apple.product-type.bundle.ui-testing";
		};
/* End PBXNativeTarget section */

/* Begin PBXProject section */
		C60EA0F82BFE3C7B00C5E23F /* Project object */ = {
			isa = PBXProject;
			attributes = {
				BuildIndependentTargetsInParallel = 1;
				LastSwiftUpdateCheck = 1540;
				LastUpgradeCheck = 1540;
				TargetAttributes = {
					C60EA0FF2BFE3C7B00C5E23F = {
						CreatedOnToolsVersion = 15.4;
					};
					C60EA10F2BFE3C7D00C5E23F = {
						CreatedOnToolsVersion = 15.4;
						TestTargetID = C60EA0FF2BFE3C7B00C5E23F;
					};
					C60EA1192BFE3C7D00C5E23F = {
						CreatedOnToolsVersion = 15.4;
						TestTargetID = C60EA0FF2BFE3C7B00C5E23F;
					};
				};
			};
			buildConfigurationList = C60EA0FB2BFE3C7B00C5E23F /* Build configuration list for PBXProject "Wolls" */;
			compatibilityVersion = "Xcode 14.0";
			developmentRegion = en;
			hasScannedForEncodings = 0;
			knownRegions = (
				fr,
				Base,
				en,
			);
			mainGroup = C60EA0F72BFE3C7B00C5E23F;
			productRefGroup = C60EA1012BFE3C7B00C5E23F /* Products */;
			projectDirPath = "";
			projectRoot = "";
			targets = (
				C60EA0FF2BFE3C7B00C5E23F /* Wolls */,
				C60EA10F2BFE3C7D00C5E23F /* WollsTests */,
				C60EA1192BFE3C7D00C5E23F /* WollsUITests */,
			);
		};
/* End PBXProject section */

/* Begin PBXResourcesBuildPhase section */
		C60EA0FE2BFE3C7B00C5E23F /* Resources */ = {
			isa = PBXResourcesBuildPhase;
			buildActionMask = 2147483647;
			files = (
				C60EA10B2BFE3C7D00C5E23F /* Preview Assets.xcassets in Resources */,
				C68D4A862C24632C00F242F5 /* Localizable.strings in Resources */,
				C60EA1082BFE3C7D00C5E23F /* Assets.xcassets in Resources */,
			);
			runOnlyForDeploymentPostprocessing = 0;
		};
		C60EA10E2BFE3C7D00C5E23F /* Resources */ = {
			isa = PBXResourcesBuildPhase;
			buildActionMask = 2147483647;
			files = (
			);
			runOnlyForDeploymentPostprocessing = 0;
		};
		C60EA1182BFE3C7D00C5E23F /* Resources */ = {
			isa = PBXResourcesBuildPhase;
			buildActionMask = 2147483647;
			files = (
			);
			runOnlyForDeploymentPostprocessing = 0;
		};
/* End PBXResourcesBuildPhase section */

/* Begin PBXSourcesBuildPhase section */
		C60EA0FC2BFE3C7B00C5E23F /* Sources */ = {
			isa = PBXSourcesBuildPhase;
			buildActionMask = 2147483647;
			files = (
				C60EA16B2C01141400C5E23F /* EditIbanView.swift in Sources */,
				C60EA1752C02216E00C5E23F /* GroupMembershipController.swift in Sources */,
				C60EA1442C00C75900C5E23F /* GroupModel.swift in Sources */,
				C60EA1612C00DBA300C5E23F /* EditEmailView.swift in Sources */,
				C60EA1872C051ADC00C5E23F /* BalanceModel.swift in Sources */,
				C60EA17F2C0361A500C5E23F /* EditExpenseView.swift in Sources */,
				C60EA1732C0162A000C5E23F /* InvitationsView.swift in Sources */,
				C60EA12E2BFE548100C5E23F /* LoginView.swift in Sources */,
				C60EA1672C00FC0B00C5E23F /* EditNameView.swift in Sources */,
				C689A8D32C0E142D00879FDA /* GroupMembersView.swift in Sources */,
				C60EA1542C00D24100C5E23F /* GroupBoxView.swift in Sources */,
				C60EA16F2C011D9400C5E23F /* ExpenseController.swift in Sources */,
				C60EA1302BFE576D00C5E23F /* RegisterView.swift in Sources */,
				C60EA14B2C00CAE600C5E23F /* UserController.swift in Sources */,
				C60EA1772C02A6C200C5E23F /* EditGroupView.swift in Sources */,
				C60EA1372BFE6D7900C5E23F /* ExpensesView.swift in Sources */,
				C60EA1852C051A3500C5E23F /* BalanceController.swift in Sources */,
				C60EA1572C00D2AB00C5E23F /* AvatarView.swift in Sources */,
				C68D4A772C1990E900F242F5 /* UserDetailView.swift in Sources */,
				C60EA1042BFE3C7B00C5E23F /* WollsApp.swift in Sources */,
				C60EA1332BFE5CED00C5E23F /* GroupsView.swift in Sources */,
				C60EA14E2C00CDAE00C5E23F /* GroupController.swift in Sources */,
				C60EA1482C00C7CA00C5E23F /* ExpenseModel.swift in Sources */,
				C60EA13B2BFE6DBE00C5E23F /* BalancesView.swift in Sources */,
				C60EA1712C011EB600C5E23F /* AddExpenseView.swift in Sources */,
				C60EA16D2C011AFF00C5E23F /* EditPasswordView.swift in Sources */,
				C60EA1412BFFB9F500C5E23F /* SidebarView.swift in Sources */,
				C60EA1812C047D8E00C5E23F /* RefundController.swift in Sources */,
				C60EA1522C00D07A00C5E23F /* CreateGroupView.swift in Sources */,
				C60EA1692C010F6700C5E23F /* Config.swift in Sources */,
				C60EA1392BFE6D9800C5E23F /* RefundsView.swift in Sources */,
				C60EA1462C00C78B00C5E23F /* UserModel.swift in Sources */,
				C60EA1652C00F69F00C5E23F /* EditUsernameView.swift in Sources */,
				C68D4A792C199D9800F242F5 /* AvatarViewProfile.swift in Sources */,
				C60EA1832C047DA200C5E23F /* RefundModel.swift in Sources */,
				C60EA15B2C00D3BC00C5E23F /* GroupDetailsView.swift in Sources */,
			);
			runOnlyForDeploymentPostprocessing = 0;
		};
		C60EA10C2BFE3C7D00C5E23F /* Sources */ = {
			isa = PBXSourcesBuildPhase;
			buildActionMask = 2147483647;
			files = (
				C60EA1152BFE3C7D00C5E23F /* WollsTests.swift in Sources */,
			);
			runOnlyForDeploymentPostprocessing = 0;
		};
		C60EA1162BFE3C7D00C5E23F /* Sources */ = {
			isa = PBXSourcesBuildPhase;
			buildActionMask = 2147483647;
			files = (
				C60EA11F2BFE3C7D00C5E23F /* WollsUITests.swift in Sources */,
				C60EA1212BFE3C7D00C5E23F /* WollsUITestsLaunchTests.swift in Sources */,
			);
			runOnlyForDeploymentPostprocessing = 0;
		};
/* End PBXSourcesBuildPhase section */

/* Begin PBXTargetDependency section */
		C60EA1122BFE3C7D00C5E23F /* PBXTargetDependency */ = {
			isa = PBXTargetDependency;
			target = C60EA0FF2BFE3C7B00C5E23F /* Wolls */;
			targetProxy = C60EA1112BFE3C7D00C5E23F /* PBXContainerItemProxy */;
		};
		C60EA11C2BFE3C7D00C5E23F /* PBXTargetDependency */ = {
			isa = PBXTargetDependency;
			target = C60EA0FF2BFE3C7B00C5E23F /* Wolls */;
			targetProxy = C60EA11B2BFE3C7D00C5E23F /* PBXContainerItemProxy */;
		};
/* End PBXTargetDependency section */

/* Begin PBXVariantGroup section */
		C68D4A842C24632C00F242F5 /* Localizable.strings */ = {
			isa = PBXVariantGroup;
			children = (
				C68D4A8B2C2463AB00F242F5 /* fr */,
				C68D4A8C2C2463CF00F242F5 /* en */,
			);
			name = Localizable.strings;
			sourceTree = "<group>";
		};
/* End PBXVariantGroup section */

/* Begin XCBuildConfiguration section */
		C60EA1222BFE3C7D00C5E23F /* Debug */ = {
			isa = XCBuildConfiguration;
			buildSettings = {
				ALWAYS_SEARCH_USER_PATHS = NO;
				ASSETCATALOG_COMPILER_GENERATE_SWIFT_ASSET_SYMBOL_EXTENSIONS = YES;
				CLANG_ANALYZER_LOCALIZABILITY_NONLOCALIZED = YES;
				CLANG_ANALYZER_NONNULL = YES;
				CLANG_ANALYZER_NUMBER_OBJECT_CONVERSION = YES_AGGRESSIVE;
				CLANG_CXX_LANGUAGE_STANDARD = "gnu++20";
				CLANG_ENABLE_MODULES = YES;
				CLANG_ENABLE_OBJC_ARC = YES;
				CLANG_ENABLE_OBJC_WEAK = YES;
				CLANG_WARN_BLOCK_CAPTURE_AUTORELEASING = YES;
				CLANG_WARN_BOOL_CONVERSION = YES;
				CLANG_WARN_COMMA = YES;
				CLANG_WARN_CONSTANT_CONVERSION = YES;
				CLANG_WARN_DEPRECATED_OBJC_IMPLEMENTATIONS = YES;
				CLANG_WARN_DIRECT_OBJC_ISA_USAGE = YES_ERROR;
				CLANG_WARN_DOCUMENTATION_COMMENTS = YES;
				CLANG_WARN_EMPTY_BODY = YES;
				CLANG_WARN_ENUM_CONVERSION = YES;
				CLANG_WARN_INFINITE_RECURSION = YES;
				CLANG_WARN_INT_CONVERSION = YES;
				CLANG_WARN_NON_LITERAL_NULL_CONVERSION = YES;
				CLANG_WARN_OBJC_IMPLICIT_RETAIN_SELF = YES;
				CLANG_WARN_OBJC_LITERAL_CONVERSION = YES;
				CLANG_WARN_OBJC_ROOT_CLASS = YES_ERROR;
				CLANG_WARN_QUOTED_INCLUDE_IN_FRAMEWORK_HEADER = YES;
				CLANG_WARN_RANGE_LOOP_ANALYSIS = YES;
				CLANG_WARN_STRICT_PROTOTYPES = YES;
				CLANG_WARN_SUSPICIOUS_MOVE = YES;
				CLANG_WARN_UNGUARDED_AVAILABILITY = YES_AGGRESSIVE;
				CLANG_WARN_UNREACHABLE_CODE = YES;
				CLANG_WARN__DUPLICATE_METHOD_MATCH = YES;
				COPY_PHASE_STRIP = NO;
				DEBUG_INFORMATION_FORMAT = dwarf;
				ENABLE_STRICT_OBJC_MSGSEND = YES;
				ENABLE_TESTABILITY = YES;
				ENABLE_USER_SCRIPT_SANDBOXING = YES;
				GCC_C_LANGUAGE_STANDARD = gnu17;
				GCC_DYNAMIC_NO_PIC = NO;
				GCC_NO_COMMON_BLOCKS = YES;
				GCC_OPTIMIZATION_LEVEL = 0;
				GCC_PREPROCESSOR_DEFINITIONS = (
					"DEBUG=1",
					"$(inherited)",
				);
				GCC_WARN_64_TO_32_BIT_CONVERSION = YES;
				GCC_WARN_ABOUT_RETURN_TYPE = YES_ERROR;
				GCC_WARN_UNDECLARED_SELECTOR = YES;
				GCC_WARN_UNINITIALIZED_AUTOS = YES_AGGRESSIVE;
				GCC_WARN_UNUSED_FUNCTION = YES;
				GCC_WARN_UNUSED_VARIABLE = YES;
				IPHONEOS_DEPLOYMENT_TARGET = 17.5;
				LOCALIZATION_PREFERS_STRING_CATALOGS = YES;
				MTL_ENABLE_DEBUG_INFO = INCLUDE_SOURCE;
				MTL_FAST_MATH = YES;
				ONLY_ACTIVE_ARCH = YES;
				SDKROOT = iphoneos;
				SWIFT_ACTIVE_COMPILATION_CONDITIONS = "DEBUG $(inherited)";
				SWIFT_OPTIMIZATION_LEVEL = "-Onone";
			};
			name = Debug;
		};
		C60EA1232BFE3C7D00C5E23F /* Release */ = {
			isa = XCBuildConfiguration;
			buildSettings = {
				ALWAYS_SEARCH_USER_PATHS = NO;
				ASSETCATALOG_COMPILER_GENERATE_SWIFT_ASSET_SYMBOL_EXTENSIONS = YES;
				CLANG_ANALYZER_LOCALIZABILITY_NONLOCALIZED = YES;
				CLANG_ANALYZER_NONNULL = YES;
				CLANG_ANALYZER_NUMBER_OBJECT_CONVERSION = YES_AGGRESSIVE;
				CLANG_CXX_LANGUAGE_STANDARD = "gnu++20";
				CLANG_ENABLE_MODULES = YES;
				CLANG_ENABLE_OBJC_ARC = YES;
				CLANG_ENABLE_OBJC_WEAK = YES;
				CLANG_WARN_BLOCK_CAPTURE_AUTORELEASING = YES;
				CLANG_WARN_BOOL_CONVERSION = YES;
				CLANG_WARN_COMMA = YES;
				CLANG_WARN_CONSTANT_CONVERSION = YES;
				CLANG_WARN_DEPRECATED_OBJC_IMPLEMENTATIONS = YES;
				CLANG_WARN_DIRECT_OBJC_ISA_USAGE = YES_ERROR;
				CLANG_WARN_DOCUMENTATION_COMMENTS = YES;
				CLANG_WARN_EMPTY_BODY = YES;
				CLANG_WARN_ENUM_CONVERSION = YES;
				CLANG_WARN_INFINITE_RECURSION = YES;
				CLANG_WARN_INT_CONVERSION = YES;
				CLANG_WARN_NON_LITERAL_NULL_CONVERSION = YES;
				CLANG_WARN_OBJC_IMPLICIT_RETAIN_SELF = YES;
				CLANG_WARN_OBJC_LITERAL_CONVERSION = YES;
				CLANG_WARN_OBJC_ROOT_CLASS = YES_ERROR;
				CLANG_WARN_QUOTED_INCLUDE_IN_FRAMEWORK_HEADER = YES;
				CLANG_WARN_RANGE_LOOP_ANALYSIS = YES;
				CLANG_WARN_STRICT_PROTOTYPES = YES;
				CLANG_WARN_SUSPICIOUS_MOVE = YES;
				CLANG_WARN_UNGUARDED_AVAILABILITY = YES_AGGRESSIVE;
				CLANG_WARN_UNREACHABLE_CODE = YES;
				CLANG_WARN__DUPLICATE_METHOD_MATCH = YES;
				COPY_PHASE_STRIP = NO;
				DEBUG_INFORMATION_FORMAT = "dwarf-with-dsym";
				ENABLE_NS_ASSERTIONS = NO;
				ENABLE_STRICT_OBJC_MSGSEND = YES;
				ENABLE_USER_SCRIPT_SANDBOXING = YES;
				GCC_C_LANGUAGE_STANDARD = gnu17;
				GCC_NO_COMMON_BLOCKS = YES;
				GCC_WARN_64_TO_32_BIT_CONVERSION = YES;
				GCC_WARN_ABOUT_RETURN_TYPE = YES_ERROR;
				GCC_WARN_UNDECLARED_SELECTOR = YES;
				GCC_WARN_UNINITIALIZED_AUTOS = YES_AGGRESSIVE;
				GCC_WARN_UNUSED_FUNCTION = YES;
				GCC_WARN_UNUSED_VARIABLE = YES;
				IPHONEOS_DEPLOYMENT_TARGET = 17.5;
				LOCALIZATION_PREFERS_STRING_CATALOGS = YES;
				MTL_ENABLE_DEBUG_INFO = NO;
				MTL_FAST_MATH = YES;
				SDKROOT = iphoneos;
				SWIFT_COMPILATION_MODE = wholemodule;
				VALIDATE_PRODUCT = YES;
			};
			name = Release;
		};
		C60EA1252BFE3C7D00C5E23F /* Debug */ = {
			isa = XCBuildConfiguration;
			buildSettings = {
				ASSETCATALOG_COMPILER_APPICON_NAME = AppIcon;
				ASSETCATALOG_COMPILER_GLOBAL_ACCENT_COLOR_NAME = AccentColor;
				ASSETCATALOG_COMPILER_INCLUDE_ALL_APPICON_ASSETS = NO;
				CODE_SIGN_STYLE = Automatic;
				CURRENT_PROJECT_VERSION = 1;
				DEVELOPMENT_ASSET_PATHS = "\"Wolls/Preview Content\"";
				ENABLE_PREVIEWS = YES;
				GENERATE_INFOPLIST_FILE = YES;
				INFOPLIST_KEY_CFBundleDisplayName = Wolls;
				INFOPLIST_KEY_LSApplicationCategoryType = "public.app-category.finance";
				INFOPLIST_KEY_UIApplicationSceneManifest_Generation = YES;
				INFOPLIST_KEY_UIApplicationSupportsIndirectInputEvents = YES;
				INFOPLIST_KEY_UILaunchScreen_Generation = YES;
				INFOPLIST_KEY_UISupportedInterfaceOrientations_iPad = "UIInterfaceOrientationPortrait UIInterfaceOrientationPortraitUpsideDown UIInterfaceOrientationLandscapeLeft UIInterfaceOrientationLandscapeRight";
				INFOPLIST_KEY_UISupportedInterfaceOrientations_iPhone = "UIInterfaceOrientationPortrait UIInterfaceOrientationLandscapeLeft UIInterfaceOrientationLandscapeRight";
				LD_RUNPATH_SEARCH_PATHS = (
					"$(inherited)",
					"@executable_path/Frameworks",
				);
				MARKETING_VERSION = 1.0;
				PRODUCT_BUNDLE_IDENTIFIER = Wolls.Wolls;
				PRODUCT_NAME = "$(TARGET_NAME)";
				SUPPORTED_PLATFORMS = "iphoneos iphonesimulator";
				SUPPORTS_MACCATALYST = NO;
				SUPPORTS_MAC_DESIGNED_FOR_IPHONE_IPAD = NO;
				SUPPORTS_XR_DESIGNED_FOR_IPHONE_IPAD = NO;
				SWIFT_EMIT_LOC_STRINGS = YES;
				SWIFT_VERSION = 5.0;
				TARGETED_DEVICE_FAMILY = 1;
			};
			name = Debug;
		};
		C60EA1262BFE3C7D00C5E23F /* Release */ = {
			isa = XCBuildConfiguration;
			buildSettings = {
				ASSETCATALOG_COMPILER_APPICON_NAME = AppIcon;
				ASSETCATALOG_COMPILER_GLOBAL_ACCENT_COLOR_NAME = AccentColor;
				ASSETCATALOG_COMPILER_INCLUDE_ALL_APPICON_ASSETS = NO;
				CODE_SIGN_STYLE = Automatic;
				CURRENT_PROJECT_VERSION = 1;
				DEVELOPMENT_ASSET_PATHS = "\"Wolls/Preview Content\"";
				ENABLE_PREVIEWS = YES;
				GENERATE_INFOPLIST_FILE = YES;
				INFOPLIST_KEY_CFBundleDisplayName = Wolls;
				INFOPLIST_KEY_LSApplicationCategoryType = "public.app-category.finance";
				INFOPLIST_KEY_UIApplicationSceneManifest_Generation = YES;
				INFOPLIST_KEY_UIApplicationSupportsIndirectInputEvents = YES;
				INFOPLIST_KEY_UILaunchScreen_Generation = YES;
				INFOPLIST_KEY_UISupportedInterfaceOrientations_iPad = "UIInterfaceOrientationPortrait UIInterfaceOrientationPortraitUpsideDown UIInterfaceOrientationLandscapeLeft UIInterfaceOrientationLandscapeRight";
				INFOPLIST_KEY_UISupportedInterfaceOrientations_iPhone = "UIInterfaceOrientationPortrait UIInterfaceOrientationLandscapeLeft UIInterfaceOrientationLandscapeRight";
				LD_RUNPATH_SEARCH_PATHS = (
					"$(inherited)",
					"@executable_path/Frameworks",
				);
				MARKETING_VERSION = 1.0;
				PRODUCT_BUNDLE_IDENTIFIER = Wolls.Wolls;
				PRODUCT_NAME = "$(TARGET_NAME)";
				SUPPORTED_PLATFORMS = "iphoneos iphonesimulator";
				SUPPORTS_MACCATALYST = NO;
				SUPPORTS_MAC_DESIGNED_FOR_IPHONE_IPAD = NO;
				SUPPORTS_XR_DESIGNED_FOR_IPHONE_IPAD = NO;
				SWIFT_EMIT_LOC_STRINGS = YES;
				SWIFT_VERSION = 5.0;
				TARGETED_DEVICE_FAMILY = 1;
			};
			name = Release;
		};
		C60EA1282BFE3C7D00C5E23F /* Debug */ = {
			isa = XCBuildConfiguration;
			buildSettings = {
				ALWAYS_EMBED_SWIFT_STANDARD_LIBRARIES = YES;
				BUNDLE_LOADER = "$(TEST_HOST)";
				CODE_SIGN_STYLE = Automatic;
				CURRENT_PROJECT_VERSION = 1;
				GENERATE_INFOPLIST_FILE = YES;
				IPHONEOS_DEPLOYMENT_TARGET = 17.5;
				MARKETING_VERSION = 1.0;
				PRODUCT_BUNDLE_IDENTIFIER = Wolls.WollsTests;
				PRODUCT_NAME = "$(TARGET_NAME)";
				SWIFT_EMIT_LOC_STRINGS = NO;
				SWIFT_VERSION = 5.0;
				TARGETED_DEVICE_FAMILY = "1,2";
				TEST_HOST = "$(BUILT_PRODUCTS_DIR)/Wolls.app/$(BUNDLE_EXECUTABLE_FOLDER_PATH)/Wolls";
			};
			name = Debug;
		};
		C60EA1292BFE3C7D00C5E23F /* Release */ = {
			isa = XCBuildConfiguration;
			buildSettings = {
				ALWAYS_EMBED_SWIFT_STANDARD_LIBRARIES = YES;
				BUNDLE_LOADER = "$(TEST_HOST)";
				CODE_SIGN_STYLE = Automatic;
				CURRENT_PROJECT_VERSION = 1;
				GENERATE_INFOPLIST_FILE = YES;
				IPHONEOS_DEPLOYMENT_TARGET = 17.5;
				MARKETING_VERSION = 1.0;
				PRODUCT_BUNDLE_IDENTIFIER = Wolls.WollsTests;
				PRODUCT_NAME = "$(TARGET_NAME)";
				SWIFT_EMIT_LOC_STRINGS = NO;
				SWIFT_VERSION = 5.0;
				TARGETED_DEVICE_FAMILY = "1,2";
				TEST_HOST = "$(BUILT_PRODUCTS_DIR)/Wolls.app/$(BUNDLE_EXECUTABLE_FOLDER_PATH)/Wolls";
			};
			name = Release;
		};
		C60EA12B2BFE3C7D00C5E23F /* Debug */ = {
			isa = XCBuildConfiguration;
			buildSettings = {
				ALWAYS_EMBED_SWIFT_STANDARD_LIBRARIES = YES;
				CODE_SIGN_STYLE = Automatic;
				CURRENT_PROJECT_VERSION = 1;
				GENERATE_INFOPLIST_FILE = YES;
				MARKETING_VERSION = 1.0;
				PRODUCT_BUNDLE_IDENTIFIER = Wolls.WollsUITests;
				PRODUCT_NAME = "$(TARGET_NAME)";
				SWIFT_EMIT_LOC_STRINGS = NO;
				SWIFT_VERSION = 5.0;
				TARGETED_DEVICE_FAMILY = "1,2";
				TEST_TARGET_NAME = goodfriends;
			};
			name = Debug;
		};
		C60EA12C2BFE3C7D00C5E23F /* Release */ = {
			isa = XCBuildConfiguration;
			buildSettings = {
				ALWAYS_EMBED_SWIFT_STANDARD_LIBRARIES = YES;
				CODE_SIGN_STYLE = Automatic;
				CURRENT_PROJECT_VERSION = 1;
				GENERATE_INFOPLIST_FILE = YES;
				MARKETING_VERSION = 1.0;
				PRODUCT_BUNDLE_IDENTIFIER = Wolls.WollsUITests;
				PRODUCT_NAME = "$(TARGET_NAME)";
				SWIFT_EMIT_LOC_STRINGS = NO;
				SWIFT_VERSION = 5.0;
				TARGETED_DEVICE_FAMILY = "1,2";
				TEST_TARGET_NAME = goodfriends;
			};
			name = Release;
		};
/* End XCBuildConfiguration section */

/* Begin XCConfigurationList section */
		C60EA0FB2BFE3C7B00C5E23F /* Build configuration list for PBXProject "Wolls" */ = {
			isa = XCConfigurationList;
			buildConfigurations = (
				C60EA1222BFE3C7D00C5E23F /* Debug */,
				C60EA1232BFE3C7D00C5E23F /* Release */,
			);
			defaultConfigurationIsVisible = 0;
			defaultConfigurationName = Release;
		};
		C60EA1242BFE3C7D00C5E23F /* Build configuration list for PBXNativeTarget "Wolls" */ = {
			isa = XCConfigurationList;
			buildConfigurations = (
				C60EA1252BFE3C7D00C5E23F /* Debug */,
				C60EA1262BFE3C7D00C5E23F /* Release */,
			);
			defaultConfigurationIsVisible = 0;
			defaultConfigurationName = Release;
		};
		C60EA1272BFE3C7D00C5E23F /* Build configuration list for PBXNativeTarget "WollsTests" */ = {
			isa = XCConfigurationList;
			buildConfigurations = (
				C60EA1282BFE3C7D00C5E23F /* Debug */,
				C60EA1292BFE3C7D00C5E23F /* Release */,
			);
			defaultConfigurationIsVisible = 0;
			defaultConfigurationName = Release;
		};
		C60EA12A2BFE3C7D00C5E23F /* Build configuration list for PBXNativeTarget "WollsUITests" */ = {
			isa = XCConfigurationList;
			buildConfigurations = (
				C60EA12B2BFE3C7D00C5E23F /* Debug */,
				C60EA12C2BFE3C7D00C5E23F /* Release */,
			);
			defaultConfigurationIsVisible = 0;
			defaultConfigurationName = Release;
		};
/* End XCConfigurationList section */
	};
	rootObject = C60EA0F82BFE3C7B00C5E23F /* Project object */;
}
